# THIS IS AN AUTOGENERATED FILE. DO NOT EDIT THIS FILE DIRECTLY.
# yarn lockfile v1


react-netlify-identity-gotrue@^0.1.1:
  version "0.1.1"
  resolved "https://registry.yarnpkg.com/react-netlify-identity-gotrue/-/react-netlify-identity-gotrue-0.1.1.tgz#26671a8a3f537bdfa0b0665e262d2cdd21b214bb"
  integrity sha512-32/HcIG4B30R4PO3ul3MvIdfIJagD9Un9vDq3zf/iSoNXz4JQ8S5UNaioa2EfNQpUkAEWz/4fftDxCsFv5zU0Q==
