# THIS IS AN AUTOGENERATED FILE. DO NOT EDIT THIS FILE DIRECTLY.
# yarn lockfile v1


react-netlify-identity-gotrue@^0.3.0:
  version "0.3.0"
  resolved "https://registry.yarnpkg.com/react-netlify-identity-gotrue/-/react-netlify-identity-gotrue-0.3.0.tgz#cbe6e773a0f52903ee04da4577d7d5e5cf46f1a5"
  integrity sha512-LqAAI1dEOncyF/aileAGLSoqfWXsu+KR+sfKHGXzLwQsn8BvioFosK44iA4Kl/2IQpDZG80oaI5t8mb4k+IP1Q==
