# THIS IS AN AUTOGENERATED FILE. DO NOT EDIT THIS FILE DIRECTLY.
# yarn lockfile v1


react-netlify-identity-gotrue@^0.3.5:
  version "0.3.5"
  resolved "https://registry.yarnpkg.com/react-netlify-identity-gotrue/-/react-netlify-identity-gotrue-0.3.5.tgz#f66fbe6c4361531d687762884ae02320da0a20cf"
  integrity sha512-ocVyh3Z1v5PZOkFkTjpQCbi7tkBaE6zIc+Nu47vUI86vUml7ZCTFN9rBn9FvZDrdc/3DRT/qUdAiya0FPjNTHw==
